
Microsoft Visual Studio Solution File, Format Version 12.00
# Visual Studio 15
VisualStudioVersion = 15.0.27428.2011
MinimumVisualStudioVersion = 10.0.40219.1
Project("{8BC9CEB8-8B4A-11D0-8D11-00A0C91BC942}") = "f_nerabochiy_no_preveln_umnajenie_matrix", "f_nerabochiy_no_preveln_umnajenie_matrix\f_nerabochiy_no_preveln_umnajenie_matrix.vcxproj", "{752E148D-EF86-4452-9AC8-9AEE47B4B852}"
EndProject
Global
	GlobalSection(SolutionConfigurationPlatforms) = preSolution
		Debug|x64 = Debug|x64
		Debug|x86 = Debug|x86
		Release|x64 = Release|x64
		Release|x86 = Release|x86
	EndGlobalSection
	GlobalSection(ProjectConfigurationPlatforms) = postSolution
		{752E148D-EF86-4452-9AC8-9AEE47B4B852}.Debug|x64.ActiveCfg = Debug|x64
		{752E148D-EF86-4452-9AC8-9AEE47B4B852}.Debug|x64.Build.0 = Debug|x64
		{752E148D-EF86-4452-9AC8-9AEE47B4B852}.Debug|x86.ActiveCfg = Debug|Win32
		{752E148D-EF86-4452-9AC8-9AEE47B4B852}.Debug|x86.Build.0 = Debug|Win32
		{752E148D-EF86-4452-9AC8-9AEE47B4B852}.Release|x64.ActiveCfg = Release|x64
		{752E148D-EF86-4452-9AC8-9AEE47B4B852}.Release|x64.Build.0 = Release|x64
		{752E148D-EF86-4452-9AC8-9AEE47B4B852}.Release|x86.ActiveCfg = Release|Win32
		{752E148D-EF86-4452-9AC8-9AEE47B4B852}.Release|x86.Build.0 = Release|Win32
	EndGlobalSection
	GlobalSection(SolutionProperties) = preSolution
		HideSolutionNode = FALSE
	EndGlobalSection
	GlobalSection(ExtensibilityGlobals) = postSolution
		SolutionGuid = {BA9EF785-E02C-4097-96B2-9E46C33E825C}
	EndGlobalSection
EndGlobal
